// !$*UTF8*$!
{
	archiveVersion = 1;
	classes = {
	};
	objectVersion = 55;
	objects = {

/* Begin PBXBuildFile section */
		E9FB2E7D27C962810020D80E /* AppDelegate.swift in Sources */ = {isa = PBXBuildFile; fileRef = E9FB2E7C27C962810020D80E /* AppDelegate.swift */; };
		E9FB2E7F27C962810020D80E /* SceneDelegate.swift in Sources */ = {isa = PBXBuildFile; fileRef = E9FB2E7E27C962810020D80E /* SceneDelegate.swift */; };
		E9FB2E8127C962810020D80E /* ViewController.swift in Sources */ = {isa = PBXBuildFile; fileRef = E9FB2E8027C962810020D80E /* ViewController.swift */; };
		E9FB2E8427C962810020D80E /* Main.storyboard in Resources */ = {isa = PBXBuildFile; fileRef = E9FB2E8227C962810020D80E /* Main.storyboard */; };
		E9FB2E8627C962820020D80E /* Assets.xcassets in Resources */ = {isa = PBXBuildFile; fileRef = E9FB2E8527C962820020D80E /* Assets.xcassets */; };
		E9FB2E8927C962820020D80E /* LaunchScreen.storyboard in Resources */ = {isa = PBXBuildFile; fileRef = E9FB2E8727C962820020D80E /* LaunchScreen.storyboard */; };
		E9FB2E9427C969140020D80E /* PokeCell.swift in Sources */ = {isa = PBXBuildFile; fileRef = E9FB2E9327C969140020D80E /* PokeCell.swift */; };
		E9FB2E9627C96AE50020D80E /* Pokemon.swift in Sources */ = {isa = PBXBuildFile; fileRef = E9FB2E9527C96AE50020D80E /* Pokemon.swift */; };
/* End PBXBuildFile section */

/* Begin PBXFileReference section */
		E9FB2E7927C962810020D80E /* Pokedex 2.0.app */ = {isa = PBXFileReference; explicitFileType = wrapper.application; includeInIndex = 0; path = "Pokedex 2.0.app"; sourceTree = BUILT_PRODUCTS_DIR; };
		E9FB2E7C27C962810020D80E /* AppDelegate.swift */ = {isa = PBXFileReference; lastKnownFileType = sourcecode.swift; path = AppDelegate.swift; sourceTree = "<group>"; };
		E9FB2E7E27C962810020D80E /* SceneDelegate.swift */ = {isa = PBXFileReference; lastKnownFileType = sourcecode.swift; path = SceneDelegate.swift; sourceTree = "<group>"; };
		E9FB2E8027C962810020D80E /* ViewController.swift */ = {isa = PBXFileReference; lastKnownFileType = sourcecode.swift; path = ViewController.swift; sourceTree = "<group>"; };
		E9FB2E8327C962810020D80E /* Base */ = {isa = PBXFileReference; lastKnownFileType = file.storyboard; name = Base; path = Base.lproj/Main.storyboard; sourceTree = "<group>"; };
		E9FB2E8527C962820020D80E /* Assets.xcassets */ = {isa = PBXFileReference; lastKnownFileType = folder.assetcatalog; path = Assets.xcassets; sourceTree = "<group>"; };
		E9FB2E8827C962820020D80E /* Base */ = {isa = PBXFileReference; lastKnownFileType = file.storyboard; name = Base; path = Base.lproj/LaunchScreen.storyboard; sourceTree = "<group>"; };
		E9FB2E8A27C962820020D80E /* Info.plist */ = {isa = PBXFileReference; lastKnownFileType = text.plist.xml; path = Info.plist; sourceTree = "<group>"; };
		E9FB2E9327C969140020D80E /* PokeCell.swift */ = {isa = PBXFileReference; lastKnownFileType = sourcecode.swift; path = PokeCell.swift; sourceTree = "<group>"; };
		E9FB2E9527C96AE50020D80E /* Pokemon.swift */ = {isa = PBXFileReference; lastKnownFileType = sourcecode.swift; path = Pokemon.swift; sourceTree = "<group>"; };
/* End PBXFileReference section */

/* Begin PBXFrameworksBuildPhase section */
		E9FB2E7627C962810020D80E /* Frameworks */ = {
			isa = PBXFrameworksBuildPhase;
			buildActionMask = 2147483647;
			files = (
			);
			runOnlyForDeploymentPostprocessing = 0;
		};
/* End PBXFrameworksBuildPhase section */

/* Begin PBXGroup section */
		E9FB2E7027C962810020D80E = {
			isa = PBXGroup;
			children = (
				E9FB2E7B27C962810020D80E /* Pokedex 2.0 */,
				E9FB2E7A27C962810020D80E /* Products */,
			);
			sourceTree = "<group>";
		};
		E9FB2E7A27C962810020D80E /* Products */ = {
			isa = PBXGroup;
			children = (
				E9FB2E7927C962810020D80E /* Pokedex 2.0.app */,
			);
			name = Products;
			sourceTree = "<group>";
		};
		E9FB2E7B27C962810020D80E /* Pokedex 2.0 */ = {
			isa = PBXGroup;
			children = (
				E9FB2E7C27C962810020D80E /* AppDelegate.swift */,
				E9FB2E7E27C962810020D80E /* SceneDelegate.swift */,
				E9FB2E9227C9629A0020D80E /* Model */,
				E9FB2E9027C9628B0020D80E /* View */,
				E9FB2E9127C962920020D80E /* Controller */,
				E9FB2E8527C962820020D80E /* Assets.xcassets */,
				E9FB2E8727C962820020D80E /* LaunchScreen.storyboard */,
				E9FB2E8A27C962820020D80E /* Info.plist */,
			);
			path = "Pokedex 2.0";
			sourceTree = "<group>";
		};
		E9FB2E9027C9628B0020D80E /* View */ = {
			isa = PBXGroup;
			children = (
				E9FB2E8227C962810020D80E /* Main.storyboard */,
				E9FB2E9327C969140020D80E /* PokeCell.swift */,
			);
			path = View;
			sourceTree = "<group>";
		};
		E9FB2E9127C962920020D80E /* Controller */ = {
			isa = PBXGroup;
			children = (
				E9FB2E8027C962810020D80E /* ViewController.swift */,
			);
			path = Controller;
			sourceTree = "<group>";
		};
		E9FB2E9227C9629A0020D80E /* Model */ = {
			isa = PBXGroup;
			children = (
				E9FB2E9527C96AE50020D80E /* Pokemon.swift */,
			);
			path = Model;
			sourceTree = "<group>";
		};
/* End PBXGroup section */

/* Begin PBXNativeTarget section */
		E9FB2E7827C962810020D80E /* Pokedex 2.0 */ = {
			isa = PBXNativeTarget;
			buildConfigurationList = E9FB2E8D27C962820020D80E /* Build configuration list for PBXNativeTarget "Pokedex 2.0" */;
			buildPhases = (
				E9FB2E7527C962810020D80E /* Sources */,
				E9FB2E7627C962810020D80E /* Frameworks */,
				E9FB2E7727C962810020D80E /* Resources */,
			);
			buildRules = (
			);
			dependencies = (
			);
			name = "Pokedex 2.0";
			productName = "Pokedex 2.0";
			productReference = E9FB2E7927C962810020D80E /* Pokedex 2.0.app */;
			productType = "com.apple.product-type.application";
		};
/* End PBXNativeTarget section */

/* Begin PBXProject section */
		E9FB2E7127C962810020D80E /* Project object */ = {
			isa = PBXProject;
			attributes = {
				BuildIndependentTargetsInParallel = 1;
				LastSwiftUpdateCheck = 1320;
				LastUpgradeCheck = 1320;
				TargetAttributes = {
					E9FB2E7827C962810020D80E = {
						CreatedOnToolsVersion = 13.2.1;
					};
				};
			};
			buildConfigurationList = E9FB2E7427C962810020D80E /* Build configuration list for PBXProject "Pokedex 2.0" */;
			compatibilityVersion = "Xcode 13.0";
			developmentRegion = en;
			hasScannedForEncodings = 0;
			knownRegions = (
				en,
				Base,
			);
			mainGroup = E9FB2E7027C962810020D80E;
			productRefGroup = E9FB2E7A27C962810020D80E /* Products */;
			projectDirPath = "";
			projectRoot = "";
			targets = (
				E9FB2E7827C962810020D80E /* Pokedex 2.0 */,
			);
		};
/* End PBXProject section */

/* Begin PBXResourcesBuildPhase section */
		E9FB2E7727C962810020D80E /* Resources */ = {
			isa = PBXResourcesBuildPhase;
			buildActionMask = 2147483647;
			files = (
				E9FB2E8927C962820020D80E /* LaunchScreen.storyboard in Resources */,
				E9FB2E8627C962820020D80E /* Assets.xcassets in Resources */,
				E9FB2E8427C962810020D80E /* Main.storyboard in Resources */,
			);
			runOnlyForDeploymentPostprocessing = 0;
		};
/* End PBXResourcesBuildPhase section */

/* Begin PBXSourcesBuildPhase section */
		E9FB2E7527C962810020D80E /* Sources */ = {
			isa = PBXSourcesBuildPhase;
			buildActionMask = 2147483647;
			files = (
				E9FB2E9627C96AE50020D80E /* Pokemon.swift in Sources */,
				E9FB2E9427C969140020D80E /* PokeCell.swift in Sources */,
				E9FB2E8127C962810020D80E /* ViewController.swift in Sources */,
				E9FB2E7D27C962810020D80E /* AppDelegate.swift in Sources */,
				E9FB2E7F27C962810020D80E /* SceneDelegate.swift in Sources */,
			);
			runOnlyForDeploymentPostprocessing = 0;
		};
/* End PBXSourcesBuildPhase section */

/* Begin PBXVariantGroup section */
		E9FB2E8227C962810020D80E /* Main.storyboard */ = {
			isa = PBXVariantGroup;
			children = (
				E9FB2E8327C962810020D80E /* Base */,
			);
			name = Main.storyboard;
			sourceTree = "<group>";
		};
		E9FB2E8727C962820020D80E /* LaunchScreen.storyboard */ = {
			isa = PBXVariantGroup;
			children = (
				E9FB2E8827C962820020D80E /* Base */,
			);
			name = LaunchScreen.storyboard;
			sourceTree = "<group>";
		};
/* End PBXVariantGroup section */

/* Begin XCBuildConfiguration section */
		E9FB2E8B27C962820020D80E /* Debug */ = {
			isa = XCBuildConfiguration;
			buildSettings = {
				ALWAYS_SEARCH_USER_PATHS = NO;
				CLANG_ANALYZER_NONNULL = YES;
				CLANG_ANALYZER_NUMBER_OBJECT_CONVERSION = YES_AGGRESSIVE;
				CLANG_CXX_LANGUAGE_STANDARD = "gnu++17";
				CLANG_CXX_LIBRARY = "libc++";
				CLANG_ENABLE_MODULES = YES;
				CLANG_ENABLE_OBJC_ARC = YES;
				CLANG_ENABLE_OBJC_WEAK = YES;
				CLANG_WARN_BLOCK_CAPTURE_AUTORELEASING = YES;
				CLANG_WARN_BOOL_CONVERSION = YES;
				CLANG_WARN_COMMA = YES;
				CLANG_WARN_CONSTANT_CONVERSION = YES;
				CLANG_WARN_DEPRECATED_OBJC_IMPLEMENTATIONS = YES;
				CLANG_WARN_DIRECT_OBJC_ISA_USAGE = YES_ERROR;
				CLANG_WARN_DOCUMENTATION_COMMENTS = YES;
				CLANG_WARN_EMPTY_BODY = YES;
				CLANG_WARN_ENUM_CONVERSION = YES;
				CLANG_WARN_INFINITE_RECURSION = YES;
				CLANG_WARN_INT_CONVERSION = YES;
				CLANG_WARN_NON_LITERAL_NULL_CONVERSION = YES;
				CLANG_WARN_OBJC_IMPLICIT_RETAIN_SELF = YES;
				CLANG_WARN_OBJC_LITERAL_CONVERSION = YES;
				CLANG_WARN_OBJC_ROOT_CLASS = YES_ERROR;
				CLANG_WARN_QUOTED_INCLUDE_IN_FRAMEWORK_HEADER = YES;
				CLANG_WARN_RANGE_LOOP_ANALYSIS = YES;
				CLANG_WARN_STRICT_PROTOTYPES = YES;
				CLANG_WARN_SUSPICIOUS_MOVE = YES;
				CLANG_WARN_UNGUARDED_AVAILABILITY = YES_AGGRESSIVE;
				CLANG_WARN_UNREACHABLE_CODE = YES;
				CLANG_WARN__DUPLICATE_METHOD_MATCH = YES;
				COPY_PHASE_STRIP = NO;
				DEBUG_INFORMATION_FORMAT = dwarf;
				ENABLE_STRICT_OBJC_MSGSEND = YES;
				ENABLE_TESTABILITY = YES;
				GCC_C_LANGUAGE_STANDARD = gnu11;
				GCC_DYNAMIC_NO_PIC = NO;
				GCC_NO_COMMON_BLOCKS = YES;
				GCC_OPTIMIZATION_LEVEL = 0;
				GCC_PREPROCESSOR_DEFINITIONS = (
					"DEBUG=1",
					"$(inherited)",
				);
				GCC_WARN_64_TO_32_BIT_CONVERSION = YES;
				GCC_WARN_ABOUT_RETURN_TYPE = YES_ERROR;
				GCC_WARN_UNDECLARED_SELECTOR = YES;
				GCC_WARN_UNINITIALIZED_AUTOS = YES_AGGRESSIVE;
				GCC_WARN_UNUSED_FUNCTION = YES;
				GCC_WARN_UNUSED_VARIABLE = YES;
				IPHONEOS_DEPLOYMENT_TARGET = 15.2;
				MTL_ENABLE_DEBUG_INFO = INCLUDE_SOURCE;
				MTL_FAST_MATH = YES;
				ONLY_ACTIVE_ARCH = YES;
				SDKROOT = iphoneos;
				SWIFT_ACTIVE_COMPILATION_CONDITIONS = DEBUG;
				SWIFT_OPTIMIZATION_LEVEL = "-Onone";
			};
			name = Debug;
		};
		E9FB2E8C27C962820020D80E /* Release */ = {
			isa = XCBuildConfiguration;
			buildSettings = {
				ALWAYS_SEARCH_USER_PATHS = NO;
				CLANG_ANALYZER_NONNULL = YES;
				CLANG_ANALYZER_NUMBER_OBJECT_CONVERSION = YES_AGGRESSIVE;
				CLANG_CXX_LANGUAGE_STANDARD = "gnu++17";
				CLANG_CXX_LIBRARY = "libc++";
				CLANG_ENABLE_MODULES = YES;
				CLANG_ENABLE_OBJC_ARC = YES;
				CLANG_ENABLE_OBJC_WEAK = YES;
				CLANG_WARN_BLOCK_CAPTURE_AUTORELEASING = YES;
				CLANG_WARN_BOOL_CONVERSION = YES;
				CLANG_WARN_COMMA = YES;
				CLANG_WARN_CONSTANT_CONVERSION = YES;
				CLANG_WARN_DEPRECATED_OBJC_IMPLEMENTATIONS = YES;
				CLANG_WARN_DIRECT_OBJC_ISA_USAGE = YES_ERROR;
				CLANG_WARN_DOCUMENTATION_COMMENTS = YES;
				CLANG_WARN_EMPTY_BODY = YES;
				CLANG_WARN_ENUM_CONVERSION = YES;
				CLANG_WARN_INFINITE_RECURSION = YES;
				CLANG_WARN_INT_CONVERSION = YES;
				CLANG_WARN_NON_LITERAL_NULL_CONVERSION = YES;
				CLANG_WARN_OBJC_IMPLICIT_RETAIN_SELF = YES;
				CLANG_WARN_OBJC_LITERAL_CONVERSION = YES;
				CLANG_WARN_OBJC_ROOT_CLASS = YES_ERROR;
				CLANG_WARN_QUOTED_INCLUDE_IN_FRAMEWORK_HEADER = YES;
				CLANG_WARN_RANGE_LOOP_ANALYSIS = YES;
				CLANG_WARN_STRICT_PROTOTYPES = YES;
				CLANG_WARN_SUSPICIOUS_MOVE = YES;
				CLANG_WARN_UNGUARDED_AVAILABILITY = YES_AGGRESSIVE;
				CLANG_WARN_UNREACHABLE_CODE = YES;
				CLANG_WARN__DUPLICATE_METHOD_MATCH = YES;
				COPY_PHASE_STRIP = NO;
				DEBUG_INFORMATION_FORMAT = "dwarf-with-dsym";
				ENABLE_NS_ASSERTIONS = NO;
				ENABLE_STRICT_OBJC_MSGSEND = YES;
				GCC_C_LANGUAGE_STANDARD = gnu11;
				GCC_NO_COMMON_BLOCKS = YES;
				GCC_WARN_64_TO_32_BIT_CONVERSION = YES;
				GCC_WARN_ABOUT_RETURN_TYPE = YES_ERROR;
				GCC_WARN_UNDECLARED_SELECTOR = YES;
				GCC_WARN_UNINITIALIZED_AUTOS = YES_AGGRESSIVE;
				GCC_WARN_UNUSED_FUNCTION = YES;
				GCC_WARN_UNUSED_VARIABLE = YES;
				IPHONEOS_DEPLOYMENT_TARGET = 15.2;
				MTL_ENABLE_DEBUG_INFO = NO;
				MTL_FAST_MATH = YES;
				SDKROOT = iphoneos;
				SWIFT_COMPILATION_MODE = wholemodule;
				SWIFT_OPTIMIZATION_LEVEL = "-O";
				VALIDATE_PRODUCT = YES;
			};
			name = Release;
		};
		E9FB2E8E27C962820020D80E /* Debug */ = {
			isa = XCBuildConfiguration;
			buildSettings = {
				ASSETCATALOG_COMPILER_APPICON_NAME = AppIcon;
				ASSETCATALOG_COMPILER_GLOBAL_ACCENT_COLOR_NAME = AccentColor;
				CODE_SIGN_STYLE = Automatic;
				CURRENT_PROJECT_VERSION = 1;
				DEVELOPMENT_TEAM = 53HD7S5M32;
				GENERATE_INFOPLIST_FILE = YES;
				INFOPLIST_FILE = "Pokedex 2.0/Info.plist";
				INFOPLIST_KEY_UIApplicationSupportsIndirectInputEvents = YES;
				INFOPLIST_KEY_UILaunchStoryboardName = LaunchScreen;
				INFOPLIST_KEY_UIMainStoryboardFile = Main;
				INFOPLIST_KEY_UISupportedInterfaceOrientations_iPad = "UIInterfaceOrientationPortrait UIInterfaceOrientationPortraitUpsideDown UIInterfaceOrientationLandscapeLeft UIInterfaceOrientationLandscapeRight";
				INFOPLIST_KEY_UISupportedInterfaceOrientations_iPhone = "UIInterfaceOrientationPortrait UIInterfaceOrientationLandscapeLeft UIInterfaceOrientationLandscapeRight";
				LD_RUNPATH_SEARCH_PATHS = (
					"$(inherited)",
					"@executable_path/Frameworks",
				);
				MARKETING_VERSION = 1.0;
				PRODUCT_BUNDLE_IDENTIFIER = "com.projects.cahuekokeny.Pokedex-2-0";
				PRODUCT_NAME = "$(TARGET_NAME)";
				SWIFT_EMIT_LOC_STRINGS = YES;
				SWIFT_VERSION = 5.0;
				TARGETED_DEVICE_FAMILY = "1,2";
			};
			name = Debug;
		};
		E9FB2E8F27C962820020D80E /* Release */ = {
			isa = XCBuildConfiguration;
			buildSettings = {
				ASSETCATALOG_COMPILER_APPICON_NAME = AppIcon;
				ASSETCATALOG_COMPILER_GLOBAL_ACCENT_COLOR_NAME = AccentColor;
				CODE_SIGN_STYLE = Automatic;
				CURRENT_PROJECT_VERSION = 1;
				DEVELOPMENT_TEAM = 53HD7S5M32;
				GENERATE_INFOPLIST_FILE = YES;
				INFOPLIST_FILE = "Pokedex 2.0/Info.plist";
				INFOPLIST_KEY_UIApplicationSupportsIndirectInputEvents = YES;
				INFOPLIST_KEY_UILaunchStoryboardName = LaunchScreen;
				INFOPLIST_KEY_UIMainStoryboardFile = Main;
				INFOPLIST_KEY_UISupportedInterfaceOrientations_iPad = "UIInterfaceOrientationPortrait UIInterfaceOrientationPortraitUpsideDown UIInterfaceOrientationLandscapeLeft UIInterfaceOrientationLandscapeRight";
				INFOPLIST_KEY_UISupportedInterfaceOrientations_iPhone = "UIInterfaceOrientationPortrait UIInterfaceOrientationLandscapeLeft UIInterfaceOrientationLandscapeRight";
				LD_RUNPATH_SEARCH_PATHS = (
					"$(inherited)",
					"@executable_path/Frameworks",
				);
				MARKETING_VERSION = 1.0;
				PRODUCT_BUNDLE_IDENTIFIER = "com.projects.cahuekokeny.Pokedex-2-0";
				PRODUCT_NAME = "$(TARGET_NAME)";
				SWIFT_EMIT_LOC_STRINGS = YES;
				SWIFT_VERSION = 5.0;
				TARGETED_DEVICE_FAMILY = "1,2";
			};
			name = Release;
		};
/* End XCBuildConfiguration section */

/* Begin XCConfigurationList section */
		E9FB2E7427C962810020D80E /* Build configuration list for PBXProject "Pokedex 2.0" */ = {
			isa = XCConfigurationList;
			buildConfigurations = (
				E9FB2E8B27C962820020D80E /* Debug */,
				E9FB2E8C27C962820020D80E /* Release */,
			);
			defaultConfigurationIsVisible = 0;
			defaultConfigurationName = Release;
		};
		E9FB2E8D27C962820020D80E /* Build configuration list for PBXNativeTarget "Pokedex 2.0" */ = {
			isa = XCConfigurationList;
			buildConfigurations = (
				E9FB2E8E27C962820020D80E /* Debug */,
				E9FB2E8F27C962820020D80E /* Release */,
			);
			defaultConfigurationIsVisible = 0;
			defaultConfigurationName = Release;
		};
/* End XCConfigurationList section */
	};
	rootObject = E9FB2E7127C962810020D80E /* Project object */;
}
